
Microsoft Visual Studio Solution File, Format Version 12.00
# Visual Studio Version 17
VisualStudioVersion = 17.11.35303.130
MinimumVisualStudioVersion = 10.0.40219.1
Project("{2150E333-8FDC-42A3-9474-1A3956D46DE8}") = "Task0", "Task0", "{374E4C49-7F20-4206-9BB3-5067F83153F5}"
EndProject
Project("{FAE04EC0-301F-11D3-BF4B-00C04F79EFBC}") = "Tyuiu.KorobeinikovaDD.Sprint0.Task0.V0", "Tyuiu.KorobeinikovaDD.Sprint0.Task0.V0\Tyuiu.KorobeinikovaDD.Sprint0.Task0.V0.csproj", "{96BF0E33-CA84-44CD-BD31-FA713A857C65}"
EndProject
Project("{2150E333-8FDC-42A3-9474-1A3956D46DE8}") = "Task1", "Task1", "{5723405A-BE9E-4D2A-B78E-FD7E706B4817}"
EndProject
Project("{FAE04EC0-301F-11D3-BF4B-00C04F79EFBC}") = "Tyuiu.KorobeinikovaDD.Sprint0.Task1.V0", "Tyuiu.KorobeinikovaDD.Sprint0.Task1.V0\Tyuiu.KorobeinikovaDD.Sprint0.Task1.V0.csproj", "{26A9F254-687E-44DA-A8D4-8B70197D32BF}"
EndProject
Project("{2150E333-8FDC-42A3-9474-1A3956D46DE8}") = "Task2", "Task2", "{C54D6271-E040-48B3-9AA4-CA80B2D09A79}"
EndProject
Project("{FAE04EC0-301F-11D3-BF4B-00C04F79EFBC}") = "Tyuiu.KorobeinikovaDD.Sprint0.Task2.V0", "Tyuiu.KorobeinikovaDD.Sprint0.Task2.V0\Tyuiu.KorobeinikovaDD.Sprint0.Task2.V0.csproj", "{35F58E12-83CB-4FD6-B9C1-7C925D301383}"
EndProject
Project("{FAE04EC0-301F-11D3-BF4B-00C04F79EFBC}") = "Tyuiu.KorobeinikovaDD.Sprint0.Task2.V0.Lib", "Tyuiu.KorobeinikovaDD.Sprint0.Task2.V0.Lib\Tyuiu.KorobeinikovaDD.Sprint0.Task2.V0.Lib.csproj", "{474242A2-2CC4-483F-92AA-D1FA4F6BE298}"
EndProject
Project("{FAE04EC0-301F-11D3-BF4B-00C04F79EFBC}") = "Tyuiu.KorobeinikovaDD.Sprint0.Task2.V0.Test", "Tyuiu.KorobeinikovaDD.Sprint0.Task2.V0.Test\Tyuiu.KorobeinikovaDD.Sprint0.Task2.V0.Test.csproj", "{C4527521-7A92-40B2-AD11-DCA95641E281}"
EndProject
Project("{2150E333-8FDC-42A3-9474-1A3956D46DE8}") = "Task3", "Task3", "{0B00DB92-71BC-4AC0-AB45-F5FC41A2BD2D}"
EndProject
Project("{FAE04EC0-301F-11D3-BF4B-00C04F79EFBC}") = "Tyuiu.KorobeinikovaDD.Sprint0.Task3.V0", "Tyuiu.KorobeinikovaDD.Sprint0.Task3.V0\Tyuiu.KorobeinikovaDD.Sprint0.Task3.V0.csproj", "{5B0AB1AC-5A26-4765-96F4-4DCDBF14BDC2}"
EndProject
Project("{FAE04EC0-301F-11D3-BF4B-00C04F79EFBC}") = "Tyuiu.KorobeinikovaDD.Sprint0.Task3.V0.Lib", "Tyuiu.KorobeinikovaDD.Sprint0.Task3.V0.Lib\Tyuiu.KorobeinikovaDD.Sprint0.Task3.V0.Lib.csproj", "{DC727B55-44A6-44FB-A161-D144AE7507E2}"
EndProject
Project("{FAE04EC0-301F-11D3-BF4B-00C04F79EFBC}") = "Tyuiu.KorobeinikovaDD.Sprint0.Task3.V0.Test", "Tyuiu.KorobeinikovaDD.Sprint0.Task3.V0.Test\Tyuiu.KorobeinikovaDD.Sprint0.Task3.V0.Test.csproj", "{CD9D4ECE-0B58-46B3-A67F-D4D0E92E0149}"
EndProject
Project("{2150E333-8FDC-42A3-9474-1A3956D46DE8}") = "Task4", "Task4", "{87AE7DE0-9C75-4E70-97C4-D53CE4EE4D83}"
EndProject
Project("{FAE04EC0-301F-11D3-BF4B-00C04F79EFBC}") = "Tyuiu.KorobeinikovaDD.Sprint0.Task4.V0.Test", "Tyuiu.KorobeinikovaDD.Sprint0.Task4.Test\Tyuiu.KorobeinikovaDD.Sprint0.Task4.V0.Test.csproj", "{BE519C5D-A852-4715-83B3-1EA75300C2B7}"
EndProject
Project("{FAE04EC0-301F-11D3-BF4B-00C04F79EFBC}") = "Tyuiu.KorobeinikovaDD.Sprint0.Task4.V0.Lib", "Tyuiu.KorobeinikovaDD.Sprint0.Task4.Lib\Tyuiu.KorobeinikovaDD.Sprint0.Task4.V0.Lib.csproj", "{5A2B5D4C-C0B8-4B77-9075-B3949314BD87}"
EndProject
Project("{FAE04EC0-301F-11D3-BF4B-00C04F79EFBC}") = "Tyuiu.KorobeinikovaDD.Sprint0.Task4.V0", "Tyuiu.KorobeinikovaDD.Sprint0.Task4\Tyuiu.KorobeinikovaDD.Sprint0.Task4.V0.csproj", "{D0A6F3C2-F742-49B1-A978-7078AEF7F821}"
EndProject
Project("{2150E333-8FDC-42A3-9474-1A3956D46DE8}") = "Task5", "Task5", "{C663096B-548C-43EC-BCC5-7990E0311979}"
EndProject
Project("{FAE04EC0-301F-11D3-BF4B-00C04F79EFBC}") = "Tyuiu.KorobeinikovaDD.Sprint0.Task5.V0", "Tyuiu.KorobeinikovaDD.Sprint0.Task5.V0\Tyuiu.KorobeinikovaDD.Sprint0.Task5.V0.csproj", "{F4F4AFAA-4588-49AD-82A3-2ECF8688276A}"
EndProject
Project("{FAE04EC0-301F-11D3-BF4B-00C04F79EFBC}") = "Tyuiu.KorobeinikovaDD.Sprint0.Task5.V0.Lib", "Tyuiu.KorobeinikovaDD.Sprint0.Task5.V0.Lib\Tyuiu.KorobeinikovaDD.Sprint0.Task5.V0.Lib.csproj", "{825E1F05-4DB8-4154-A5D1-E2A8E066D8B6}"
EndProject
Project("{FAE04EC0-301F-11D3-BF4B-00C04F79EFBC}") = "Tyuiu.KorobeinikovaDD.Sprint0.Task5.V0.Test", "Tyuiu.KorobeinikovaDD.Sprint0.Task5.V0.Test\Tyuiu.KorobeinikovaDD.Sprint0.Task5.V0.Test.csproj", "{B575DC4A-A28F-48B9-8040-02C110E25989}"
EndProject
Project("{2150E333-8FDC-42A3-9474-1A3956D46DE8}") = "Task6", "Task6", "{F54BCBCB-2E5F-44D4-B497-43183BE8A564}"
EndProject
Project("{FAE04EC0-301F-11D3-BF4B-00C04F79EFBC}") = "Tyuiu.KorobeinikovaDD.Sprint0.Task6.V0.Test", "Tyuiu.KorobeinikovaDD.Sprint0.Task6.V0.Test\Tyuiu.KorobeinikovaDD.Sprint0.Task6.V0.Test.csproj", "{8D7B0565-DBF6-45A9-998D-0D50B8944FFF}"
EndProject
Project("{FAE04EC0-301F-11D3-BF4B-00C04F79EFBC}") = "Tyuiu.KorobeinikovaDD.Sprint0.Task6.V0.Lib", "Tyuiu.KorobeinikovaDD.Sprint0.Task6.V0.Lib\Tyuiu.KorobeinikovaDD.Sprint0.Task6.V0.Lib.csproj", "{BC1A59D9-1962-4FA1-B658-5B9326E0E029}"
EndProject
Project("{FAE04EC0-301F-11D3-BF4B-00C04F79EFBC}") = "Tyuiu.KorobeinikovaDD.Sprint0.Task6.V0", "Tyuiu.KorobeinikovaDD.Sprint0.Task6.V0\Tyuiu.KorobeinikovaDD.Sprint0.Task6.V0.csproj", "{FCB1D437-7971-483F-918A-F1D7F54A8B48}"
EndProject
Project("{2150E333-8FDC-42A3-9474-1A3956D46DE8}") = "Task7", "Task7", "{ED425492-6DBA-4C7D-B009-B42C416DF116}"
EndProject
Project("{FAE04EC0-301F-11D3-BF4B-00C04F79EFBC}") = "Tyuiu.KorobeinikovaDD.Sprint0.Task7.V0", "Tyuiu.KorobeinikovaDD.Sprint0.Task7.V0\Tyuiu.KorobeinikovaDD.Sprint0.Task7.V0.csproj", "{8F5D879F-10F5-4947-95E2-2126B0240C96}"
EndProject
Project("{FAE04EC0-301F-11D3-BF4B-00C04F79EFBC}") = "Tyuiu.KorobeinikovaDD.Sprint0.Task7.V0.Lib", "Tyuiu.KorobeinikovaDD.Sprint0.Task7.V0.Lib\Tyuiu.KorobeinikovaDD.Sprint0.Task7.V0.Lib.csproj", "{33D83EA5-159E-4975-B8E0-6B171FFA6CE0}"
EndProject
Project("{FAE04EC0-301F-11D3-BF4B-00C04F79EFBC}") = "Tyuiu.KorobeinikovaDD.Sprint0.Task7.V0.Test", "Tyuiu.KorobeinikovaDD.Sprint0.Task7.V0.Test\Tyuiu.KorobeinikovaDD.Sprint0.Task7.V0.Test.csproj", "{9C59B1EA-443A-4DF5-ADB7-6C44CB13472F}"
EndProject
Global
	GlobalSection(SolutionConfigurationPlatforms) = preSolution
		Debug|Any CPU = Debug|Any CPU
		Release|Any CPU = Release|Any CPU
	EndGlobalSection
	GlobalSection(ProjectConfigurationPlatforms) = postSolution
		{96BF0E33-CA84-44CD-BD31-FA713A857C65}.Debug|Any CPU.ActiveCfg = Debug|Any CPU
		{96BF0E33-CA84-44CD-BD31-FA713A857C65}.Debug|Any CPU.Build.0 = Debug|Any CPU
		{96BF0E33-CA84-44CD-BD31-FA713A857C65}.Release|Any CPU.ActiveCfg = Release|Any CPU
		{96BF0E33-CA84-44CD-BD31-FA713A857C65}.Release|Any CPU.Build.0 = Release|Any CPU
		{26A9F254-687E-44DA-A8D4-8B70197D32BF}.Debug|Any CPU.ActiveCfg = Debug|Any CPU
		{26A9F254-687E-44DA-A8D4-8B70197D32BF}.Debug|Any CPU.Build.0 = Debug|Any CPU
		{26A9F254-687E-44DA-A8D4-8B70197D32BF}.Release|Any CPU.ActiveCfg = Release|Any CPU
		{26A9F254-687E-44DA-A8D4-8B70197D32BF}.Release|Any CPU.Build.0 = Release|Any CPU
		{35F58E12-83CB-4FD6-B9C1-7C925D301383}.Debug|Any CPU.ActiveCfg = Debug|Any CPU
		{35F58E12-83CB-4FD6-B9C1-7C925D301383}.Debug|Any CPU.Build.0 = Debug|Any CPU
		{35F58E12-83CB-4FD6-B9C1-7C925D301383}.Release|Any CPU.ActiveCfg = Release|Any CPU
		{35F58E12-83CB-4FD6-B9C1-7C925D301383}.Release|Any CPU.Build.0 = Release|Any CPU
		{474242A2-2CC4-483F-92AA-D1FA4F6BE298}.Debug|Any CPU.ActiveCfg = Debug|Any CPU
		{474242A2-2CC4-483F-92AA-D1FA4F6BE298}.Debug|Any CPU.Build.0 = Debug|Any CPU
		{474242A2-2CC4-483F-92AA-D1FA4F6BE298}.Release|Any CPU.ActiveCfg = Release|Any CPU
		{474242A2-2CC4-483F-92AA-D1FA4F6BE298}.Release|Any CPU.Build.0 = Release|Any CPU
		{C4527521-7A92-40B2-AD11-DCA95641E281}.Debug|Any CPU.ActiveCfg = Debug|Any CPU
		{C4527521-7A92-40B2-AD11-DCA95641E281}.Debug|Any CPU.Build.0 = Debug|Any CPU
		{C4527521-7A92-40B2-AD11-DCA95641E281}.Release|Any CPU.ActiveCfg = Release|Any CPU
		{C4527521-7A92-40B2-AD11-DCA95641E281}.Release|Any CPU.Build.0 = Release|Any CPU
		{5B0AB1AC-5A26-4765-96F4-4DCDBF14BDC2}.Debug|Any CPU.ActiveCfg = Debug|Any CPU
		{5B0AB1AC-5A26-4765-96F4-4DCDBF14BDC2}.Debug|Any CPU.Build.0 = Debug|Any CPU
		{5B0AB1AC-5A26-4765-96F4-4DCDBF14BDC2}.Release|Any CPU.ActiveCfg = Release|Any CPU
		{5B0AB1AC-5A26-4765-96F4-4DCDBF14BDC2}.Release|Any CPU.Build.0 = Release|Any CPU
		{DC727B55-44A6-44FB-A161-D144AE7507E2}.Debug|Any CPU.ActiveCfg = Debug|Any CPU
		{DC727B55-44A6-44FB-A161-D144AE7507E2}.Debug|Any CPU.Build.0 = Debug|Any CPU
		{DC727B55-44A6-44FB-A161-D144AE7507E2}.Release|Any CPU.ActiveCfg = Release|Any CPU
		{DC727B55-44A6-44FB-A161-D144AE7507E2}.Release|Any CPU.Build.0 = Release|Any CPU
		{CD9D4ECE-0B58-46B3-A67F-D4D0E92E0149}.Debug|Any CPU.ActiveCfg = Debug|Any CPU
		{CD9D4ECE-0B58-46B3-A67F-D4D0E92E0149}.Debug|Any CPU.Build.0 = Debug|Any CPU
		{CD9D4ECE-0B58-46B3-A67F-D4D0E92E0149}.Release|Any CPU.ActiveCfg = Release|Any CPU
		{CD9D4ECE-0B58-46B3-A67F-D4D0E92E0149}.Release|Any CPU.Build.0 = Release|Any CPU
		{BE519C5D-A852-4715-83B3-1EA75300C2B7}.Debug|Any CPU.ActiveCfg = Debug|Any CPU
		{BE519C5D-A852-4715-83B3-1EA75300C2B7}.Debug|Any CPU.Build.0 = Debug|Any CPU
		{BE519C5D-A852-4715-83B3-1EA75300C2B7}.Release|Any CPU.ActiveCfg = Release|Any CPU
		{BE519C5D-A852-4715-83B3-1EA75300C2B7}.Release|Any CPU.Build.0 = Release|Any CPU
		{5A2B5D4C-C0B8-4B77-9075-B3949314BD87}.Debug|Any CPU.ActiveCfg = Debug|Any CPU
		{5A2B5D4C-C0B8-4B77-9075-B3949314BD87}.Debug|Any CPU.Build.0 = Debug|Any CPU
		{5A2B5D4C-C0B8-4B77-9075-B3949314BD87}.Release|Any CPU.ActiveCfg = Release|Any CPU
		{5A2B5D4C-C0B8-4B77-9075-B3949314BD87}.Release|Any CPU.Build.0 = Release|Any CPU
		{D0A6F3C2-F742-49B1-A978-7078AEF7F821}.Debug|Any CPU.ActiveCfg = Debug|Any CPU
		{D0A6F3C2-F742-49B1-A978-7078AEF7F821}.Debug|Any CPU.Build.0 = Debug|Any CPU
		{D0A6F3C2-F742-49B1-A978-7078AEF7F821}.Release|Any CPU.ActiveCfg = Release|Any CPU
		{D0A6F3C2-F742-49B1-A978-7078AEF7F821}.Release|Any CPU.Build.0 = Release|Any CPU
		{F4F4AFAA-4588-49AD-82A3-2ECF8688276A}.Debug|Any CPU.ActiveCfg = Debug|Any CPU
		{F4F4AFAA-4588-49AD-82A3-2ECF8688276A}.Debug|Any CPU.Build.0 = Debug|Any CPU
		{F4F4AFAA-4588-49AD-82A3-2ECF8688276A}.Release|Any CPU.ActiveCfg = Release|Any CPU
		{F4F4AFAA-4588-49AD-82A3-2ECF8688276A}.Release|Any CPU.Build.0 = Release|Any CPU
		{825E1F05-4DB8-4154-A5D1-E2A8E066D8B6}.Debug|Any CPU.ActiveCfg = Debug|Any CPU
		{825E1F05-4DB8-4154-A5D1-E2A8E066D8B6}.Debug|Any CPU.Build.0 = Debug|Any CPU
		{825E1F05-4DB8-4154-A5D1-E2A8E066D8B6}.Release|Any CPU.ActiveCfg = Release|Any CPU
		{825E1F05-4DB8-4154-A5D1-E2A8E066D8B6}.Release|Any CPU.Build.0 = Release|Any CPU
		{B575DC4A-A28F-48B9-8040-02C110E25989}.Debug|Any CPU.ActiveCfg = Debug|Any CPU
		{B575DC4A-A28F-48B9-8040-02C110E25989}.Debug|Any CPU.Build.0 = Debug|Any CPU
		{B575DC4A-A28F-48B9-8040-02C110E25989}.Release|Any CPU.ActiveCfg = Release|Any CPU
		{B575DC4A-A28F-48B9-8040-02C110E25989}.Release|Any CPU.Build.0 = Release|Any CPU
		{8D7B0565-DBF6-45A9-998D-0D50B8944FFF}.Debug|Any CPU.ActiveCfg = Debug|Any CPU
		{8D7B0565-DBF6-45A9-998D-0D50B8944FFF}.Debug|Any CPU.Build.0 = Debug|Any CPU
		{8D7B0565-DBF6-45A9-998D-0D50B8944FFF}.Release|Any CPU.ActiveCfg = Release|Any CPU
		{8D7B0565-DBF6-45A9-998D-0D50B8944FFF}.Release|Any CPU.Build.0 = Release|Any CPU
		{BC1A59D9-1962-4FA1-B658-5B9326E0E029}.Debug|Any CPU.ActiveCfg = Debug|Any CPU
		{BC1A59D9-1962-4FA1-B658-5B9326E0E029}.Debug|Any CPU.Build.0 = Debug|Any CPU
		{BC1A59D9-1962-4FA1-B658-5B9326E0E029}.Release|Any CPU.ActiveCfg = Release|Any CPU
		{BC1A59D9-1962-4FA1-B658-5B9326E0E029}.Release|Any CPU.Build.0 = Release|Any CPU
		{FCB1D437-7971-483F-918A-F1D7F54A8B48}.Debug|Any CPU.ActiveCfg = Debug|Any CPU
		{FCB1D437-7971-483F-918A-F1D7F54A8B48}.Debug|Any CPU.Build.0 = Debug|Any CPU
		{FCB1D437-7971-483F-918A-F1D7F54A8B48}.Release|Any CPU.ActiveCfg = Release|Any CPU
		{FCB1D437-7971-483F-918A-F1D7F54A8B48}.Release|Any CPU.Build.0 = Release|Any CPU
		{8F5D879F-10F5-4947-95E2-2126B0240C96}.Debug|Any CPU.ActiveCfg = Debug|Any CPU
		{8F5D879F-10F5-4947-95E2-2126B0240C96}.Debug|Any CPU.Build.0 = Debug|Any CPU
		{8F5D879F-10F5-4947-95E2-2126B0240C96}.Release|Any CPU.ActiveCfg = Release|Any CPU
		{8F5D879F-10F5-4947-95E2-2126B0240C96}.Release|Any CPU.Build.0 = Release|Any CPU
		{33D83EA5-159E-4975-B8E0-6B171FFA6CE0}.Debug|Any CPU.ActiveCfg = Debug|Any CPU
		{33D83EA5-159E-4975-B8E0-6B171FFA6CE0}.Debug|Any CPU.Build.0 = Debug|Any CPU
		{33D83EA5-159E-4975-B8E0-6B171FFA6CE0}.Release|Any CPU.ActiveCfg = Release|Any CPU
		{33D83EA5-159E-4975-B8E0-6B171FFA6CE0}.Release|Any CPU.Build.0 = Release|Any CPU
		{9C59B1EA-443A-4DF5-ADB7-6C44CB13472F}.Debug|Any CPU.ActiveCfg = Debug|Any CPU
		{9C59B1EA-443A-4DF5-ADB7-6C44CB13472F}.Debug|Any CPU.Build.0 = Debug|Any CPU
		{9C59B1EA-443A-4DF5-ADB7-6C44CB13472F}.Release|Any CPU.ActiveCfg = Release|Any CPU
		{9C59B1EA-443A-4DF5-ADB7-6C44CB13472F}.Release|Any CPU.Build.0 = Release|Any CPU
	EndGlobalSection
	GlobalSection(SolutionProperties) = preSolution
		HideSolutionNode = FALSE
	EndGlobalSection
	GlobalSection(NestedProjects) = preSolution
		{96BF0E33-CA84-44CD-BD31-FA713A857C65} = {374E4C49-7F20-4206-9BB3-5067F83153F5}
		{26A9F254-687E-44DA-A8D4-8B70197D32BF} = {5723405A-BE9E-4D2A-B78E-FD7E706B4817}
		{35F58E12-83CB-4FD6-B9C1-7C925D301383} = {C54D6271-E040-48B3-9AA4-CA80B2D09A79}
		{474242A2-2CC4-483F-92AA-D1FA4F6BE298} = {C54D6271-E040-48B3-9AA4-CA80B2D09A79}
		{C4527521-7A92-40B2-AD11-DCA95641E281} = {C54D6271-E040-48B3-9AA4-CA80B2D09A79}
		{5B0AB1AC-5A26-4765-96F4-4DCDBF14BDC2} = {0B00DB92-71BC-4AC0-AB45-F5FC41A2BD2D}
		{DC727B55-44A6-44FB-A161-D144AE7507E2} = {0B00DB92-71BC-4AC0-AB45-F5FC41A2BD2D}
		{CD9D4ECE-0B58-46B3-A67F-D4D0E92E0149} = {0B00DB92-71BC-4AC0-AB45-F5FC41A2BD2D}
		{BE519C5D-A852-4715-83B3-1EA75300C2B7} = {87AE7DE0-9C75-4E70-97C4-D53CE4EE4D83}
		{5A2B5D4C-C0B8-4B77-9075-B3949314BD87} = {87AE7DE0-9C75-4E70-97C4-D53CE4EE4D83}
		{D0A6F3C2-F742-49B1-A978-7078AEF7F821} = {87AE7DE0-9C75-4E70-97C4-D53CE4EE4D83}
		{F4F4AFAA-4588-49AD-82A3-2ECF8688276A} = {C663096B-548C-43EC-BCC5-7990E0311979}
		{825E1F05-4DB8-4154-A5D1-E2A8E066D8B6} = {C663096B-548C-43EC-BCC5-7990E0311979}
		{B575DC4A-A28F-48B9-8040-02C110E25989} = {C663096B-548C-43EC-BCC5-7990E0311979}
		{8D7B0565-DBF6-45A9-998D-0D50B8944FFF} = {F54BCBCB-2E5F-44D4-B497-43183BE8A564}
		{BC1A59D9-1962-4FA1-B658-5B9326E0E029} = {F54BCBCB-2E5F-44D4-B497-43183BE8A564}
		{FCB1D437-7971-483F-918A-F1D7F54A8B48} = {F54BCBCB-2E5F-44D4-B497-43183BE8A564}
		{8F5D879F-10F5-4947-95E2-2126B0240C96} = {ED425492-6DBA-4C7D-B009-B42C416DF116}
		{33D83EA5-159E-4975-B8E0-6B171FFA6CE0} = {ED425492-6DBA-4C7D-B009-B42C416DF116}
		{9C59B1EA-443A-4DF5-ADB7-6C44CB13472F} = {ED425492-6DBA-4C7D-B009-B42C416DF116}
	EndGlobalSection
	GlobalSection(ExtensibilityGlobals) = postSolution
		SolutionGuid = {BEB7279C-1D3A-4573-B73E-DB3811BF7749}
	EndGlobalSection
EndGlobal
